
Microsoft Visual Studio Solution File, Format Version 12.00
# Visual Studio Version 17
VisualStudioVersion = 17.3.32825.248
MinimumVisualStudioVersion = 10.0.40219.1
Project("{2150E333-8FDC-42A3-9474-1A3956D46DE8}") = "Solution Items", "Solution Items", "{2F95C15E-EAC3-47B8-8D64-3CF3E7A33B5F}"
	ProjectSection(SolutionItems) = preProject
		LICENSE = LICENSE
		NOTICE = NOTICE
		README.txt = README.txt
	EndProjectSection
EndProject
Project("{FAE04EC0-301F-11D3-BF4B-00C04F79EFBC}") = "Configurator", "Configurator\Configurator.csproj", "{9855A8F8-74D5-4A8A-9966-E68C2F5A4C1C}"
EndProject
Global
	GlobalSection(SolutionConfigurationPlatforms) = preSolution
		Debug|Any CPU = Debug|Any CPU
		Release|Any CPU = Release|Any CPU
	EndGlobalSection
	GlobalSection(ProjectConfigurationPlatforms) = postSolution
		{9855A8F8-74D5-4A8A-9966-E68C2F5A4C1C}.Debug|Any CPU.ActiveCfg = Debug|Any CPU
		{9855A8F8-74D5-4A8A-9966-E68C2F5A4C1C}.Debug|Any CPU.Build.0 = Debug|Any CPU
		{9855A8F8-74D5-4A8A-9966-E68C2F5A4C1C}.Release|Any CPU.ActiveCfg = Release|Any CPU
		{9855A8F8-74D5-4A8A-9966-E68C2F5A4C1C}.Release|Any CPU.Build.0 = Release|Any CPU
	EndGlobalSection
	GlobalSection(SolutionProperties) = preSolution
		HideSolutionNode = FALSE
	EndGlobalSection
	GlobalSection(ExtensibilityGlobals) = postSolution
		SolutionGuid = {EB7953A0-3B1F-4D38-8507-D8897C12D44F}
	EndGlobalSection
EndGlobal
